
Microsoft Visual Studio Solution File, Format Version 12.00
# Visual Studio Version 17
VisualStudioVersion = 17.11.35312.102
MinimumVisualStudioVersion = 10.0.40219.1
Project("{FAE04EC0-301F-11D3-BF4B-00C04F79EFBC}") = "Week1Pratik3_SwitchCase", "Week1Pratik3_SwitchCase\Week1Pratik3_SwitchCase.csproj", "{17E582A2-DC1A-4606-A8EB-BD3D1A3F65C7}"
EndProject
Global
	GlobalSection(SolutionConfigurationPlatforms) = preSolution
		Debug|Any CPU = Debug|Any CPU
		Release|Any CPU = Release|Any CPU
	EndGlobalSection
	GlobalSection(ProjectConfigurationPlatforms) = postSolution
		{17E582A2-DC1A-4606-A8EB-BD3D1A3F65C7}.Debug|Any CPU.ActiveCfg = Debug|Any CPU
		{17E582A2-DC1A-4606-A8EB-BD3D1A3F65C7}.Debug|Any CPU.Build.0 = Debug|Any CPU
		{17E582A2-DC1A-4606-A8EB-BD3D1A3F65C7}.Release|Any CPU.ActiveCfg = Release|Any CPU
		{17E582A2-DC1A-4606-A8EB-BD3D1A3F65C7}.Release|Any CPU.Build.0 = Release|Any CPU
	EndGlobalSection
	GlobalSection(SolutionProperties) = preSolution
		HideSolutionNode = FALSE
	EndGlobalSection
	GlobalSection(ExtensibilityGlobals) = postSolution
		SolutionGuid = {E3B5BF73-E328-4E76-9A73-924D9117083F}
	EndGlobalSection
EndGlobal
